{
  "name": "ohmyform",
  "lockfileVersion": 2,
  "requires": true,
  "packages": {
    "": {
      "name": "ohmyform",
      "license": "AGPL-3.0-or-later",
      "dependencies": {
        "yarn": "^1.22.11"
      },
      "engines": {
        "node": "^12 || ^14",
        "yarn": "1.x"
      }
    },
    "node_modules/yarn": {
      "version": "1.22.11",
      "resolved": "https://registry.npmjs.org/yarn/-/yarn-1.22.11.tgz",
      "integrity": "sha512-AWje4bzqO9RUn3sdnM5N8n4ZJ0BqCc/kqFJvpOI5/EVkINXui0yuvU7NDCEF//+WaxHuNay2uOHxA4+tq1P3cg==",
      "hasInstallScript": true,
      "bin": {
        "yarn": "bin/yarn.js",
        "yarnpkg": "bin/yarn.js"
      },
      "engines": {
        "node": ">=4.0.0"
      }
    }
  },
  "dependencies": {
    "yarn": {
      "version": "1.22.11",
      "resolved": "https://registry.npmjs.org/yarn/-/yarn-1.22.11.tgz",
      "integrity": "sha512-AWje4bzqO9RUn3sdnM5N8n4ZJ0BqCc/kqFJvpOI5/EVkINXui0yuvU7NDCEF//+WaxHuNay2uOHxA4+tq1P3cg=="
    }
  }
}
